// !$*UTF8*$!
{
	archiveVersion = 1;
	classes = {
	};
	objectVersion = 46;
	objects = {

/* Begin PBXBuildFile section */
		1CE7ACF36389AD06A56A0867 /* Pods_JLWebImageTests.framework in Frameworks */ = {isa = PBXBuildFile; fileRef = CE5D85D5118A22828ECD1EBF /* Pods_JLWebImageTests.framework */; };
		33E5B4ABB8FFA43AF1ECA750 /* Pods_JLWebImage.framework in Frameworks */ = {isa = PBXBuildFile; fileRef = D4233F6C3016CAA11693F0B0 /* Pods_JLWebImage.framework */; };
		8960E4161E72BB2A004FCC6E /* main.m in Sources */ = {isa = PBXBuildFile; fileRef = 8960E4151E72BB2A004FCC6E /* main.m */; };
		8960E4191E72BB2A004FCC6E /* AppDelegate.m in Sources */ = {isa = PBXBuildFile; fileRef = 8960E4181E72BB2A004FCC6E /* AppDelegate.m */; };
		8960E41C1E72BB2A004FCC6E /* ViewController.m in Sources */ = {isa = PBXBuildFile; fileRef = 8960E41B1E72BB2A004FCC6E /* ViewController.m */; };
		8960E4211E72BB2A004FCC6E /* Assets.xcassets in Resources */ = {isa = PBXBuildFile; fileRef = 8960E4201E72BB2A004FCC6E /* Assets.xcassets */; };
		8960E4241E72BB2A004FCC6E /* LaunchScreen.storyboard in Resources */ = {isa = PBXBuildFile; fileRef = 8960E4221E72BB2A004FCC6E /* LaunchScreen.storyboard */; };
		8960E42F1E72BB2A004FCC6E /* JLWebImageTests.m in Sources */ = {isa = PBXBuildFile; fileRef = 8960E42E1E72BB2A004FCC6E /* JLWebImageTests.m */; };
		8960E43A1E72BB2A004FCC6E /* JLWebImageUITests.m in Sources */ = {isa = PBXBuildFile; fileRef = 8960E4391E72BB2A004FCC6E /* JLWebImageUITests.m */; };
		8960E4481E72BB56004FCC6E /* apps.plist in Resources */ = {isa = PBXBuildFile; fileRef = 8960E4471E72BB56004FCC6E /* apps.plist */; };
		8960E44B1E72BB77004FCC6E /* JLApp.m in Sources */ = {isa = PBXBuildFile; fileRef = 8960E44A1E72BB77004FCC6E /* JLApp.m */; };
		8960E44D1E72BC69004FCC6E /* Main.storyboard in Resources */ = {isa = PBXBuildFile; fileRef = 8960E44C1E72BC69004FCC6E /* Main.storyboard */; };
		8960E4611E72BD23004FCC6E /* JLWebImageManager.m in Sources */ = {isa = PBXBuildFile; fileRef = 8960E45C1E72BD23004FCC6E /* JLWebImageManager.m */; };
		8960E4621E72BD23004FCC6E /* JLWebImageOperation.m in Sources */ = {isa = PBXBuildFile; fileRef = 8960E45E1E72BD23004FCC6E /* JLWebImageOperation.m */; };
		8960E4631E72BD23004FCC6E /* UIImageView+JLWebCache.m in Sources */ = {isa = PBXBuildFile; fileRef = 8960E4601E72BD23004FCC6E /* UIImageView+JLWebCache.m */; };
		897C0DBA2839FB890059CBB1 /* JLFileTool.m in Sources */ = {isa = PBXBuildFile; fileRef = 897C0DB92839FB890059CBB1 /* JLFileTool.m */; };
		897C0DD0283A148E0059CBB1 /* DataManager.m in Sources */ = {isa = PBXBuildFile; fileRef = 897C0DCF283A148E0059CBB1 /* DataManager.m */; };
		897C0DD3283A23B30059CBB1 /* JLImageDate.m in Sources */ = {isa = PBXBuildFile; fileRef = 897C0DD2283A23B30059CBB1 /* JLImageDate.m */; };
		899203E329BCA604006F5E40 /* JLWebImageMemory.m in Sources */ = {isa = PBXBuildFile; fileRef = 899203E229BCA604006F5E40 /* JLWebImageMemory.m */; };
		899203E829BCC0F9006F5E40 /* JLWebImageDisk.m in Sources */ = {isa = PBXBuildFile; fileRef = 899203E729BCC0F9006F5E40 /* JLWebImageDisk.m */; };
		B806EF85014A969A758D96EA /* Pods_JLWebImage_JLWebImageUITests.framework in Frameworks */ = {isa = PBXBuildFile; fileRef = DAD907C5CC047BAC26D28B11 /* Pods_JLWebImage_JLWebImageUITests.framework */; };
/* End PBXBuildFile section */

/* Begin PBXContainerItemProxy section */
		8960E42B1E72BB2A004FCC6E /* PBXContainerItemProxy */ = {
			isa = PBXContainerItemProxy;
			containerPortal = 8960E4091E72BB2A004FCC6E /* Project object */;
			proxyType = 1;
			remoteGlobalIDString = 8960E4101E72BB2A004FCC6E;
			remoteInfo = JLWebImage;
		};
		8960E4361E72BB2A004FCC6E /* PBXContainerItemProxy */ = {
			isa = PBXContainerItemProxy;
			containerPortal = 8960E4091E72BB2A004FCC6E /* Project object */;
			proxyType = 1;
			remoteGlobalIDString = 8960E4101E72BB2A004FCC6E;
			remoteInfo = JLWebImage;
		};
/* End PBXContainerItemProxy section */

/* Begin PBXFileReference section */
		1063F6405CFBA900FC83C35C /* Pods-JLWebImage.release.xcconfig */ = {isa = PBXFileReference; includeInIndex = 1; lastKnownFileType = text.xcconfig; name = "Pods-JLWebImage.release.xcconfig"; path = "Target Support Files/Pods-JLWebImage/Pods-JLWebImage.release.xcconfig"; sourceTree = "<group>"; };
		3F17D595E70F7396A7364B3B /* Pods-JLWebImageTests.release.xcconfig */ = {isa = PBXFileReference; includeInIndex = 1; lastKnownFileType = text.xcconfig; name = "Pods-JLWebImageTests.release.xcconfig"; path = "Target Support Files/Pods-JLWebImageTests/Pods-JLWebImageTests.release.xcconfig"; sourceTree = "<group>"; };
		70BB3D1309E15221DB8C5B55 /* Pods-JLWebImage-JLWebImageUITests.release.xcconfig */ = {isa = PBXFileReference; includeInIndex = 1; lastKnownFileType = text.xcconfig; name = "Pods-JLWebImage-JLWebImageUITests.release.xcconfig"; path = "Target Support Files/Pods-JLWebImage-JLWebImageUITests/Pods-JLWebImage-JLWebImageUITests.release.xcconfig"; sourceTree = "<group>"; };
		8960E4111E72BB2A004FCC6E /* JLWebImage.app */ = {isa = PBXFileReference; explicitFileType = wrapper.application; includeInIndex = 0; path = JLWebImage.app; sourceTree = BUILT_PRODUCTS_DIR; };
		8960E4151E72BB2A004FCC6E /* main.m */ = {isa = PBXFileReference; lastKnownFileType = sourcecode.c.objc; path = main.m; sourceTree = "<group>"; };
		8960E4171E72BB2A004FCC6E /* AppDelegate.h */ = {isa = PBXFileReference; lastKnownFileType = sourcecode.c.h; path = AppDelegate.h; sourceTree = "<group>"; };
		8960E4181E72BB2A004FCC6E /* AppDelegate.m */ = {isa = PBXFileReference; lastKnownFileType = sourcecode.c.objc; path = AppDelegate.m; sourceTree = "<group>"; };
		8960E41A1E72BB2A004FCC6E /* ViewController.h */ = {isa = PBXFileReference; lastKnownFileType = sourcecode.c.h; path = ViewController.h; sourceTree = "<group>"; };
		8960E41B1E72BB2A004FCC6E /* ViewController.m */ = {isa = PBXFileReference; lastKnownFileType = sourcecode.c.objc; path = ViewController.m; sourceTree = "<group>"; };
		8960E4201E72BB2A004FCC6E /* Assets.xcassets */ = {isa = PBXFileReference; lastKnownFileType = folder.assetcatalog; path = Assets.xcassets; sourceTree = "<group>"; };
		8960E4231E72BB2A004FCC6E /* Base */ = {isa = PBXFileReference; lastKnownFileType = file.storyboard; name = Base; path = Base.lproj/LaunchScreen.storyboard; sourceTree = "<group>"; };
		8960E4251E72BB2A004FCC6E /* Info.plist */ = {isa = PBXFileReference; lastKnownFileType = text.plist.xml; path = Info.plist; sourceTree = "<group>"; };
		8960E42A1E72BB2A004FCC6E /* JLWebImageTests.xctest */ = {isa = PBXFileReference; explicitFileType = wrapper.cfbundle; includeInIndex = 0; path = JLWebImageTests.xctest; sourceTree = BUILT_PRODUCTS_DIR; };
		8960E42E1E72BB2A004FCC6E /* JLWebImageTests.m */ = {isa = PBXFileReference; lastKnownFileType = sourcecode.c.objc; path = JLWebImageTests.m; sourceTree = "<group>"; };
		8960E4301E72BB2A004FCC6E /* Info.plist */ = {isa = PBXFileReference; lastKnownFileType = text.plist.xml; path = Info.plist; sourceTree = "<group>"; };
		8960E4351E72BB2A004FCC6E /* JLWebImageUITests.xctest */ = {isa = PBXFileReference; explicitFileType = wrapper.cfbundle; includeInIndex = 0; path = JLWebImageUITests.xctest; sourceTree = BUILT_PRODUCTS_DIR; };
		8960E4391E72BB2A004FCC6E /* JLWebImageUITests.m */ = {isa = PBXFileReference; lastKnownFileType = sourcecode.c.objc; path = JLWebImageUITests.m; sourceTree = "<group>"; };
		8960E43B1E72BB2A004FCC6E /* Info.plist */ = {isa = PBXFileReference; lastKnownFileType = text.plist.xml; path = Info.plist; sourceTree = "<group>"; };
		8960E4471E72BB56004FCC6E /* apps.plist */ = {isa = PBXFileReference; fileEncoding = 4; lastKnownFileType = text.plist.xml; path = apps.plist; sourceTree = "<group>"; };
		8960E4491E72BB77004FCC6E /* JLApp.h */ = {isa = PBXFileReference; fileEncoding = 4; lastKnownFileType = sourcecode.c.h; path = JLApp.h; sourceTree = "<group>"; };
		8960E44A1E72BB77004FCC6E /* JLApp.m */ = {isa = PBXFileReference; fileEncoding = 4; lastKnownFileType = sourcecode.c.objc; path = JLApp.m; sourceTree = "<group>"; };
		8960E44C1E72BC69004FCC6E /* Main.storyboard */ = {isa = PBXFileReference; fileEncoding = 4; lastKnownFileType = file.storyboard; path = Main.storyboard; sourceTree = "<group>"; };
		8960E45A1E72BD23004FCC6E /* JLSingleton.h */ = {isa = PBXFileReference; fileEncoding = 4; lastKnownFileType = sourcecode.c.h; path = JLSingleton.h; sourceTree = "<group>"; };
		8960E45B1E72BD23004FCC6E /* JLWebImageManager.h */ = {isa = PBXFileReference; fileEncoding = 4; lastKnownFileType = sourcecode.c.h; path = JLWebImageManager.h; sourceTree = "<group>"; };
		8960E45C1E72BD23004FCC6E /* JLWebImageManager.m */ = {isa = PBXFileReference; fileEncoding = 4; lastKnownFileType = sourcecode.c.objc; path = JLWebImageManager.m; sourceTree = "<group>"; };
		8960E45D1E72BD23004FCC6E /* JLWebImageOperation.h */ = {isa = PBXFileReference; fileEncoding = 4; lastKnownFileType = sourcecode.c.h; path = JLWebImageOperation.h; sourceTree = "<group>"; };
		8960E45E1E72BD23004FCC6E /* JLWebImageOperation.m */ = {isa = PBXFileReference; fileEncoding = 4; lastKnownFileType = sourcecode.c.objc; path = JLWebImageOperation.m; sourceTree = "<group>"; };
		8960E45F1E72BD23004FCC6E /* UIImageView+JLWebCache.h */ = {isa = PBXFileReference; fileEncoding = 4; lastKnownFileType = sourcecode.c.h; path = "UIImageView+JLWebCache.h"; sourceTree = "<group>"; };
		8960E4601E72BD23004FCC6E /* UIImageView+JLWebCache.m */ = {isa = PBXFileReference; fileEncoding = 4; lastKnownFileType = sourcecode.c.objc; path = "UIImageView+JLWebCache.m"; sourceTree = "<group>"; };
		897C0DB82839FB890059CBB1 /* JLFileTool.h */ = {isa = PBXFileReference; lastKnownFileType = sourcecode.c.h; path = JLFileTool.h; sourceTree = "<group>"; };
		897C0DB92839FB890059CBB1 /* JLFileTool.m */ = {isa = PBXFileReference; lastKnownFileType = sourcecode.c.objc; path = JLFileTool.m; sourceTree = "<group>"; };
		897C0DCE283A148E0059CBB1 /* DataManager.h */ = {isa = PBXFileReference; fileEncoding = 4; lastKnownFileType = sourcecode.c.h; path = DataManager.h; sourceTree = "<group>"; };
		897C0DCF283A148E0059CBB1 /* DataManager.m */ = {isa = PBXFileReference; fileEncoding = 4; lastKnownFileType = sourcecode.c.objc; path = DataManager.m; sourceTree = "<group>"; };
		897C0DD1283A23B30059CBB1 /* JLImageDate.h */ = {isa = PBXFileReference; lastKnownFileType = sourcecode.c.h; path = JLImageDate.h; sourceTree = "<group>"; };
		897C0DD2283A23B30059CBB1 /* JLImageDate.m */ = {isa = PBXFileReference; lastKnownFileType = sourcecode.c.objc; path = JLImageDate.m; sourceTree = "<group>"; };
		899203E129BCA604006F5E40 /* JLWebImageMemory.h */ = {isa = PBXFileReference; lastKnownFileType = sourcecode.c.h; path = JLWebImageMemory.h; sourceTree = "<group>"; };
		899203E229BCA604006F5E40 /* JLWebImageMemory.m */ = {isa = PBXFileReference; lastKnownFileType = sourcecode.c.objc; path = JLWebImageMemory.m; sourceTree = "<group>"; };
		899203E529BCB604006F5E40 /* JLWebImageContact.h */ = {isa = PBXFileReference; lastKnownFileType = sourcecode.c.h; path = JLWebImageContact.h; sourceTree = "<group>"; };
		899203E629BCC0F9006F5E40 /* JLWebImageDisk.h */ = {isa = PBXFileReference; lastKnownFileType = sourcecode.c.h; path = JLWebImageDisk.h; sourceTree = "<group>"; };
		899203E729BCC0F9006F5E40 /* JLWebImageDisk.m */ = {isa = PBXFileReference; lastKnownFileType = sourcecode.c.objc; path = JLWebImageDisk.m; sourceTree = "<group>"; };
		CAD40995725A57863387D9C6 /* Pods-JLWebImage.debug.xcconfig */ = {isa = PBXFileReference; includeInIndex = 1; lastKnownFileType = text.xcconfig; name = "Pods-JLWebImage.debug.xcconfig"; path = "Target Support Files/Pods-JLWebImage/Pods-JLWebImage.debug.xcconfig"; sourceTree = "<group>"; };
		CE5D85D5118A22828ECD1EBF /* Pods_JLWebImageTests.framework */ = {isa = PBXFileReference; explicitFileType = wrapper.framework; includeInIndex = 0; path = Pods_JLWebImageTests.framework; sourceTree = BUILT_PRODUCTS_DIR; };
		D4233F6C3016CAA11693F0B0 /* Pods_JLWebImage.framework */ = {isa = PBXFileReference; explicitFileType = wrapper.framework; includeInIndex = 0; path = Pods_JLWebImage.framework; sourceTree = BUILT_PRODUCTS_DIR; };
		D92CFDD6B8541EB825AFD12C /* Pods-JLWebImage-JLWebImageUITests.debug.xcconfig */ = {isa = PBXFileReference; includeInIndex = 1; lastKnownFileType = text.xcconfig; name = "Pods-JLWebImage-JLWebImageUITests.debug.xcconfig"; path = "Target Support Files/Pods-JLWebImage-JLWebImageUITests/Pods-JLWebImage-JLWebImageUITests.debug.xcconfig"; sourceTree = "<group>"; };
		DAD907C5CC047BAC26D28B11 /* Pods_JLWebImage_JLWebImageUITests.framework */ = {isa = PBXFileReference; explicitFileType = wrapper.framework; includeInIndex = 0; path = Pods_JLWebImage_JLWebImageUITests.framework; sourceTree = BUILT_PRODUCTS_DIR; };
		F53B2F543C9B296C53BB9F66 /* Pods-JLWebImageTests.debug.xcconfig */ = {isa = PBXFileReference; includeInIndex = 1; lastKnownFileType = text.xcconfig; name = "Pods-JLWebImageTests.debug.xcconfig"; path = "Target Support Files/Pods-JLWebImageTests/Pods-JLWebImageTests.debug.xcconfig"; sourceTree = "<group>"; };
/* End PBXFileReference section */

/* Begin PBXFrameworksBuildPhase section */
		8960E40E1E72BB2A004FCC6E /* Frameworks */ = {
			isa = PBXFrameworksBuildPhase;
			buildActionMask = 2147483647;
			files = (
				33E5B4ABB8FFA43AF1ECA750 /* Pods_JLWebImage.framework in Frameworks */,
			);
			runOnlyForDeploymentPostprocessing = 0;
		};
		8960E4271E72BB2A004FCC6E /* Frameworks */ = {
			isa = PBXFrameworksBuildPhase;
			buildActionMask = 2147483647;
			files = (
				1CE7ACF36389AD06A56A0867 /* Pods_JLWebImageTests.framework in Frameworks */,
			);
			runOnlyForDeploymentPostprocessing = 0;
		};
		8960E4321E72BB2A004FCC6E /* Frameworks */ = {
			isa = PBXFrameworksBuildPhase;
			buildActionMask = 2147483647;
			files = (
				B806EF85014A969A758D96EA /* Pods_JLWebImage_JLWebImageUITests.framework in Frameworks */,
			);
			runOnlyForDeploymentPostprocessing = 0;
		};
/* End PBXFrameworksBuildPhase section */

/* Begin PBXGroup section */
		8960E4081E72BB2A004FCC6E = {
			isa = PBXGroup;
			children = (
				8960E4131E72BB2A004FCC6E /* JLWebImage */,
				8960E42D1E72BB2A004FCC6E /* JLWebImageTests */,
				8960E4381E72BB2A004FCC6E /* JLWebImageUITests */,
				8960E4121E72BB2A004FCC6E /* Products */,
				C7D1B93869C566401F4DFCEF /* Pods */,
				E8744FECD5A1FA5DA62B3071 /* Frameworks */,
			);
			sourceTree = "<group>";
		};
		8960E4121E72BB2A004FCC6E /* Products */ = {
			isa = PBXGroup;
			children = (
				8960E4111E72BB2A004FCC6E /* JLWebImage.app */,
				8960E42A1E72BB2A004FCC6E /* JLWebImageTests.xctest */,
				8960E4351E72BB2A004FCC6E /* JLWebImageUITests.xctest */,
			);
			name = Products;
			sourceTree = "<group>";
		};
		8960E4131E72BB2A004FCC6E /* JLWebImage */ = {
			isa = PBXGroup;
			children = (
				8960E4591E72BD23004FCC6E /* Classes */,
				8960E4171E72BB2A004FCC6E /* AppDelegate.h */,
				8960E4181E72BB2A004FCC6E /* AppDelegate.m */,
				8960E41A1E72BB2A004FCC6E /* ViewController.h */,
				8960E41B1E72BB2A004FCC6E /* ViewController.m */,
				8960E4491E72BB77004FCC6E /* JLApp.h */,
				8960E44A1E72BB77004FCC6E /* JLApp.m */,
				8960E4201E72BB2A004FCC6E /* Assets.xcassets */,
				8960E44C1E72BC69004FCC6E /* Main.storyboard */,
				8960E4221E72BB2A004FCC6E /* LaunchScreen.storyboard */,
				8960E4251E72BB2A004FCC6E /* Info.plist */,
				8960E4141E72BB2A004FCC6E /* Supporting Files */,
			);
			path = JLWebImage;
			sourceTree = "<group>";
		};
		8960E4141E72BB2A004FCC6E /* Supporting Files */ = {
			isa = PBXGroup;
			children = (
				8960E4471E72BB56004FCC6E /* apps.plist */,
				8960E4151E72BB2A004FCC6E /* main.m */,
			);
			name = "Supporting Files";
			sourceTree = "<group>";
		};
		8960E42D1E72BB2A004FCC6E /* JLWebImageTests */ = {
			isa = PBXGroup;
			children = (
				8960E42E1E72BB2A004FCC6E /* JLWebImageTests.m */,
				8960E4301E72BB2A004FCC6E /* Info.plist */,
			);
			path = JLWebImageTests;
			sourceTree = "<group>";
		};
		8960E4381E72BB2A004FCC6E /* JLWebImageUITests */ = {
			isa = PBXGroup;
			children = (
				8960E4391E72BB2A004FCC6E /* JLWebImageUITests.m */,
				8960E43B1E72BB2A004FCC6E /* Info.plist */,
			);
			path = JLWebImageUITests;
			sourceTree = "<group>";
		};
		8960E4591E72BD23004FCC6E /* Classes */ = {
			isa = PBXGroup;
			children = (
				897C0DCE283A148E0059CBB1 /* DataManager.h */,
				897C0DCF283A148E0059CBB1 /* DataManager.m */,
				897C0DD1283A23B30059CBB1 /* JLImageDate.h */,
				897C0DD2283A23B30059CBB1 /* JLImageDate.m */,
				899203E529BCB604006F5E40 /* JLWebImageContact.h */,
				8960E45F1E72BD23004FCC6E /* UIImageView+JLWebCache.h */,
				8960E4601E72BD23004FCC6E /* UIImageView+JLWebCache.m */,
				8960E45B1E72BD23004FCC6E /* JLWebImageManager.h */,
				8960E45C1E72BD23004FCC6E /* JLWebImageManager.m */,
				897C0DB82839FB890059CBB1 /* JLFileTool.h */,
				897C0DB92839FB890059CBB1 /* JLFileTool.m */,
				8960E45D1E72BD23004FCC6E /* JLWebImageOperation.h */,
				8960E45E1E72BD23004FCC6E /* JLWebImageOperation.m */,
				8960E45A1E72BD23004FCC6E /* JLSingleton.h */,
				899203E129BCA604006F5E40 /* JLWebImageMemory.h */,
				899203E229BCA604006F5E40 /* JLWebImageMemory.m */,
				899203E629BCC0F9006F5E40 /* JLWebImageDisk.h */,
				899203E729BCC0F9006F5E40 /* JLWebImageDisk.m */,
			);
			path = Classes;
			sourceTree = "<group>";
		};
		C7D1B93869C566401F4DFCEF /* Pods */ = {
			isa = PBXGroup;
			children = (
				CAD40995725A57863387D9C6 /* Pods-JLWebImage.debug.xcconfig */,
				1063F6405CFBA900FC83C35C /* Pods-JLWebImage.release.xcconfig */,
				D92CFDD6B8541EB825AFD12C /* Pods-JLWebImage-JLWebImageUITests.debug.xcconfig */,
				70BB3D1309E15221DB8C5B55 /* Pods-JLWebImage-JLWebImageUITests.release.xcconfig */,
				F53B2F543C9B296C53BB9F66 /* Pods-JLWebImageTests.debug.xcconfig */,
				3F17D595E70F7396A7364B3B /* Pods-JLWebImageTests.release.xcconfig */,
			);
			path = Pods;
			sourceTree = "<group>";
		};
		E8744FECD5A1FA5DA62B3071 /* Frameworks */ = {
			isa = PBXGroup;
			children = (
				D4233F6C3016CAA11693F0B0 /* Pods_JLWebImage.framework */,
				DAD907C5CC047BAC26D28B11 /* Pods_JLWebImage_JLWebImageUITests.framework */,
				CE5D85D5118A22828ECD1EBF /* Pods_JLWebImageTests.framework */,
			);
			name = Frameworks;
			sourceTree = "<group>";
		};
/* End PBXGroup section */

/* Begin PBXNativeTarget section */
		8960E4101E72BB2A004FCC6E /* JLWebImage */ = {
			isa = PBXNativeTarget;
			buildConfigurationList = 8960E43E1E72BB2A004FCC6E /* Build configuration list for PBXNativeTarget "JLWebImage" */;
			buildPhases = (
				C1872C2036B8473FE06DE42E /* [CP] Check Pods Manifest.lock */,
				8960E40D1E72BB2A004FCC6E /* Sources */,
				8960E40E1E72BB2A004FCC6E /* Frameworks */,
				8960E40F1E72BB2A004FCC6E /* Resources */,
				2F5744070574101B88ABC0C3 /* [CP] Embed Pods Frameworks */,
			);
			buildRules = (
			);
			dependencies = (
			);
			name = JLWebImage;
			productName = JLWebImage;
			productReference = 8960E4111E72BB2A004FCC6E /* JLWebImage.app */;
			productType = "com.apple.product-type.application";
		};
		8960E4291E72BB2A004FCC6E /* JLWebImageTests */ = {
			isa = PBXNativeTarget;
			buildConfigurationList = 8960E4411E72BB2A004FCC6E /* Build configuration list for PBXNativeTarget "JLWebImageTests" */;
			buildPhases = (
				557F961B05C66A291A0E14BA /* [CP] Check Pods Manifest.lock */,
				8960E4261E72BB2A004FCC6E /* Sources */,
				8960E4271E72BB2A004FCC6E /* Frameworks */,
				8960E4281E72BB2A004FCC6E /* Resources */,
			);
			buildRules = (
			);
			dependencies = (
				8960E42C1E72BB2A004FCC6E /* PBXTargetDependency */,
			);
			name = JLWebImageTests;
			productName = JLWebImageTests;
			productReference = 8960E42A1E72BB2A004FCC6E /* JLWebImageTests.xctest */;
			productType = "com.apple.product-type.bundle.unit-test";
		};
		8960E4341E72BB2A004FCC6E /* JLWebImageUITests */ = {
			isa = PBXNativeTarget;
			buildConfigurationList = 8960E4441E72BB2A004FCC6E /* Build configuration list for PBXNativeTarget "JLWebImageUITests" */;
			buildPhases = (
				DC092B30DCC182CE8B143699 /* [CP] Check Pods Manifest.lock */,
				8960E4311E72BB2A004FCC6E /* Sources */,
				8960E4321E72BB2A004FCC6E /* Frameworks */,
				8960E4331E72BB2A004FCC6E /* Resources */,
				3B4C1957164155A2572B6C3D /* [CP] Embed Pods Frameworks */,
			);
			buildRules = (
			);
			dependencies = (
				8960E4371E72BB2A004FCC6E /* PBXTargetDependency */,
			);
			name = JLWebImageUITests;
			productName = JLWebImageUITests;
			productReference = 8960E4351E72BB2A004FCC6E /* JLWebImageUITests.xctest */;
			productType = "com.apple.product-type.bundle.ui-testing";
		};
/* End PBXNativeTarget section */

/* Begin PBXProject section */
		8960E4091E72BB2A004FCC6E /* Project object */ = {
			isa = PBXProject;
			attributes = {
				LastUpgradeCheck = 0820;
				ORGANIZATIONNAME = "张天龙";
				TargetAttributes = {
					8960E4101E72BB2A004FCC6E = {
						CreatedOnToolsVersion = 8.2.1;
						ProvisioningStyle = Automatic;
					};
					8960E4291E72BB2A004FCC6E = {
						CreatedOnToolsVersion = 8.2.1;
						ProvisioningStyle = Automatic;
						TestTargetID = 8960E4101E72BB2A004FCC6E;
					};
					8960E4341E72BB2A004FCC6E = {
						CreatedOnToolsVersion = 8.2.1;
						ProvisioningStyle = Automatic;
						TestTargetID = 8960E4101E72BB2A004FCC6E;
					};
				};
			};
			buildConfigurationList = 8960E40C1E72BB2A004FCC6E /* Build configuration list for PBXProject "JLWebImage" */;
			compatibilityVersion = "Xcode 3.2";
			developmentRegion = English;
			hasScannedForEncodings = 0;
			knownRegions = (
				English,
				en,
				Base,
			);
			mainGroup = 8960E4081E72BB2A004FCC6E;
			productRefGroup = 8960E4121E72BB2A004FCC6E /* Products */;
			projectDirPath = "";
			projectRoot = "";
			targets = (
				8960E4101E72BB2A004FCC6E /* JLWebImage */,
				8960E4291E72BB2A004FCC6E /* JLWebImageTests */,
				8960E4341E72BB2A004FCC6E /* JLWebImageUITests */,
			);
		};
/* End PBXProject section */

/* Begin PBXResourcesBuildPhase section */
		8960E40F1E72BB2A004FCC6E /* Resources */ = {
			isa = PBXResourcesBuildPhase;
			buildActionMask = 2147483647;
			files = (
				8960E4481E72BB56004FCC6E /* apps.plist in Resources */,
				8960E4241E72BB2A004FCC6E /* LaunchScreen.storyboard in Resources */,
				8960E4211E72BB2A004FCC6E /* Assets.xcassets in Resources */,
				8960E44D1E72BC69004FCC6E /* Main.storyboard in Resources */,
			);
			runOnlyForDeploymentPostprocessing = 0;
		};
		8960E4281E72BB2A004FCC6E /* Resources */ = {
			isa = PBXResourcesBuildPhase;
			buildActionMask = 2147483647;
			files = (
			);
			runOnlyForDeploymentPostprocessing = 0;
		};
		8960E4331E72BB2A004FCC6E /* Resources */ = {
			isa = PBXResourcesBuildPhase;
			buildActionMask = 2147483647;
			files = (
			);
			runOnlyForDeploymentPostprocessing = 0;
		};
/* End PBXResourcesBuildPhase section */

/* Begin PBXShellScriptBuildPhase section */
		2F5744070574101B88ABC0C3 /* [CP] Embed Pods Frameworks */ = {
			isa = PBXShellScriptBuildPhase;
			buildActionMask = 2147483647;
			files = (
			);
			inputPaths = (
				"${PODS_ROOT}/Target Support Files/Pods-JLWebImage/Pods-JLWebImage-frameworks.sh",
				"${BUILT_PRODUCTS_DIR}/FMDB/FMDB.framework",
			);
			name = "[CP] Embed Pods Frameworks";
			outputPaths = (
				"${TARGET_BUILD_DIR}/${FRAMEWORKS_FOLDER_PATH}/FMDB.framework",
			);
			runOnlyForDeploymentPostprocessing = 0;
			shellPath = /bin/sh;
			shellScript = "\"${PODS_ROOT}/Target Support Files/Pods-JLWebImage/Pods-JLWebImage-frameworks.sh\"\n";
			showEnvVarsInLog = 0;
		};
		3B4C1957164155A2572B6C3D /* [CP] Embed Pods Frameworks */ = {
			isa = PBXShellScriptBuildPhase;
			buildActionMask = 2147483647;
			files = (
			);
			inputPaths = (
				"${PODS_ROOT}/Target Support Files/Pods-JLWebImage-JLWebImageUITests/Pods-JLWebImage-JLWebImageUITests-frameworks.sh",
				"${BUILT_PRODUCTS_DIR}/FMDB/FMDB.framework",
			);
			name = "[CP] Embed Pods Frameworks";
			outputPaths = (
				"${TARGET_BUILD_DIR}/${FRAMEWORKS_FOLDER_PATH}/FMDB.framework",
			);
			runOnlyForDeploymentPostprocessing = 0;
			shellPath = /bin/sh;
			shellScript = "\"${PODS_ROOT}/Target Support Files/Pods-JLWebImage-JLWebImageUITests/Pods-JLWebImage-JLWebImageUITests-frameworks.sh\"\n";
			showEnvVarsInLog = 0;
		};
		557F961B05C66A291A0E14BA /* [CP] Check Pods Manifest.lock */ = {
			isa = PBXShellScriptBuildPhase;
			buildActionMask = 2147483647;
			files = (
			);
			inputFileListPaths = (
			);
			inputPaths = (
				"${PODS_PODFILE_DIR_PATH}/Podfile.lock",
				"${PODS_ROOT}/Manifest.lock",
			);
			name = "[CP] Check Pods Manifest.lock";
			outputFileListPaths = (
			);
			outputPaths = (
				"$(DERIVED_FILE_DIR)/Pods-JLWebImageTests-checkManifestLockResult.txt",
			);
			runOnlyForDeploymentPostprocessing = 0;
			shellPath = /bin/sh;
			shellScript = "diff \"${PODS_PODFILE_DIR_PATH}/Podfile.lock\" \"${PODS_ROOT}/Manifest.lock\" > /dev/null\nif [ $? != 0 ] ; then\n    # print error to STDERR\n    echo \"error: The sandbox is not in sync with the Podfile.lock. Run 'pod install' or update your CocoaPods installation.\" >&2\n    exit 1\nfi\n# This output is used by Xcode 'outputs' to avoid re-running this script phase.\necho \"SUCCESS\" > \"${SCRIPT_OUTPUT_FILE_0}\"\n";
			showEnvVarsInLog = 0;
		};
		C1872C2036B8473FE06DE42E /* [CP] Check Pods Manifest.lock */ = {
			isa = PBXShellScriptBuildPhase;
			buildActionMask = 2147483647;
			files = (
			);
			inputFileListPaths = (
			);
			inputPaths = (
				"${PODS_PODFILE_DIR_PATH}/Podfile.lock",
				"${PODS_ROOT}/Manifest.lock",
			);
			name = "[CP] Check Pods Manifest.lock";
			outputFileListPaths = (
			);
			outputPaths = (
				"$(DERIVED_FILE_DIR)/Pods-JLWebImage-checkManifestLockResult.txt",
			);
			runOnlyForDeploymentPostprocessing = 0;
			shellPath = /bin/sh;
			shellScript = "diff \"${PODS_PODFILE_DIR_PATH}/Podfile.lock\" \"${PODS_ROOT}/Manifest.lock\" > /dev/null\nif [ $? != 0 ] ; then\n    # print error to STDERR\n    echo \"error: The sandbox is not in sync with the Podfile.lock. Run 'pod install' or update your CocoaPods installation.\" >&2\n    exit 1\nfi\n# This output is used by Xcode 'outputs' to avoid re-running this script phase.\necho \"SUCCESS\" > \"${SCRIPT_OUTPUT_FILE_0}\"\n";
			showEnvVarsInLog = 0;
		};
		DC092B30DCC182CE8B143699 /* [CP] Check Pods Manifest.lock */ = {
			isa = PBXShellScriptBuildPhase;
			buildActionMask = 2147483647;
			files = (
			);
			inputFileListPaths = (
			);
			inputPaths = (
				"${PODS_PODFILE_DIR_PATH}/Podfile.lock",
				"${PODS_ROOT}/Manifest.lock",
			);
			name = "[CP] Check Pods Manifest.lock";
			outputFileListPaths = (
			);
			outputPaths = (
				"$(DERIVED_FILE_DIR)/Pods-JLWebImage-JLWebImageUITests-checkManifestLockResult.txt",
			);
			runOnlyForDeploymentPostprocessing = 0;
			shellPath = /bin/sh;
			shellScript = "diff \"${PODS_PODFILE_DIR_PATH}/Podfile.lock\" \"${PODS_ROOT}/Manifest.lock\" > /dev/null\nif [ $? != 0 ] ; then\n    # print error to STDERR\n    echo \"error: The sandbox is not in sync with the Podfile.lock. Run 'pod install' or update your CocoaPods installation.\" >&2\n    exit 1\nfi\n# This output is used by Xcode 'outputs' to avoid re-running this script phase.\necho \"SUCCESS\" > \"${SCRIPT_OUTPUT_FILE_0}\"\n";
			showEnvVarsInLog = 0;
		};
/* End PBXShellScriptBuildPhase section */

/* Begin PBXSourcesBuildPhase section */
		8960E40D1E72BB2A004FCC6E /* Sources */ = {
			isa = PBXSourcesBuildPhase;
			buildActionMask = 2147483647;
			files = (
				8960E41C1E72BB2A004FCC6E /* ViewController.m in Sources */,
				8960E44B1E72BB77004FCC6E /* JLApp.m in Sources */,
				8960E4611E72BD23004FCC6E /* JLWebImageManager.m in Sources */,
				8960E4191E72BB2A004FCC6E /* AppDelegate.m in Sources */,
				897C0DBA2839FB890059CBB1 /* JLFileTool.m in Sources */,
				897C0DD3283A23B30059CBB1 /* JLImageDate.m in Sources */,
				8960E4621E72BD23004FCC6E /* JLWebImageOperation.m in Sources */,
				899203E329BCA604006F5E40 /* JLWebImageMemory.m in Sources */,
				8960E4631E72BD23004FCC6E /* UIImageView+JLWebCache.m in Sources */,
				899203E829BCC0F9006F5E40 /* JLWebImageDisk.m in Sources */,
				897C0DD0283A148E0059CBB1 /* DataManager.m in Sources */,
				8960E4161E72BB2A004FCC6E /* main.m in Sources */,
			);
			runOnlyForDeploymentPostprocessing = 0;
		};
		8960E4261E72BB2A004FCC6E /* Sources */ = {
			isa = PBXSourcesBuildPhase;
			buildActionMask = 2147483647;
			files = (
				8960E42F1E72BB2A004FCC6E /* JLWebImageTests.m in Sources */,
			);
			runOnlyForDeploymentPostprocessing = 0;
		};
		8960E4311E72BB2A004FCC6E /* Sources */ = {
			isa = PBXSourcesBuildPhase;
			buildActionMask = 2147483647;
			files = (
				8960E43A1E72BB2A004FCC6E /* JLWebImageUITests.m in Sources */,
			);
			runOnlyForDeploymentPostprocessing = 0;
		};
/* End PBXSourcesBuildPhase section */

/* Begin PBXTargetDependency section */
		8960E42C1E72BB2A004FCC6E /* PBXTargetDependency */ = {
			isa = PBXTargetDependency;
			target = 8960E4101E72BB2A004FCC6E /* JLWebImage */;
			targetProxy = 8960E42B1E72BB2A004FCC6E /* PBXContainerItemProxy */;
		};
		8960E4371E72BB2A004FCC6E /* PBXTargetDependency */ = {
			isa = PBXTargetDependency;
			target = 8960E4101E72BB2A004FCC6E /* JLWebImage */;
			targetProxy = 8960E4361E72BB2A004FCC6E /* PBXContainerItemProxy */;
		};
/* End PBXTargetDependency section */

/* Begin PBXVariantGroup section */
		8960E4221E72BB2A004FCC6E /* LaunchScreen.storyboard */ = {
			isa = PBXVariantGroup;
			children = (
				8960E4231E72BB2A004FCC6E /* Base */,
			);
			name = LaunchScreen.storyboard;
			sourceTree = "<group>";
		};
/* End PBXVariantGroup section */

/* Begin XCBuildConfiguration section */
		8960E43C1E72BB2A004FCC6E /* Debug */ = {
			isa = XCBuildConfiguration;
			buildSettings = {
				ALWAYS_SEARCH_USER_PATHS = NO;
				CLANG_ANALYZER_NONNULL = YES;
				CLANG_CXX_LANGUAGE_STANDARD = "gnu++0x";
				CLANG_CXX_LIBRARY = "libc++";
				CLANG_ENABLE_MODULES = YES;
				CLANG_ENABLE_OBJC_ARC = YES;
				CLANG_WARN_BOOL_CONVERSION = YES;
				CLANG_WARN_CONSTANT_CONVERSION = YES;
				CLANG_WARN_DIRECT_OBJC_ISA_USAGE = YES_ERROR;
				CLANG_WARN_DOCUMENTATION_COMMENTS = YES;
				CLANG_WARN_EMPTY_BODY = YES;
				CLANG_WARN_ENUM_CONVERSION = YES;
				CLANG_WARN_INFINITE_RECURSION = YES;
				CLANG_WARN_INT_CONVERSION = YES;
				CLANG_WARN_OBJC_ROOT_CLASS = YES_ERROR;
				CLANG_WARN_SUSPICIOUS_MOVE = YES;
				CLANG_WARN_UNREACHABLE_CODE = YES;
				CLANG_WARN__DUPLICATE_METHOD_MATCH = YES;
				"CODE_SIGN_IDENTITY[sdk=iphoneos*]" = "iPhone Developer";
				COPY_PHASE_STRIP = NO;
				DEBUG_INFORMATION_FORMAT = dwarf;
				ENABLE_STRICT_OBJC_MSGSEND = YES;
				ENABLE_TESTABILITY = YES;
				GCC_C_LANGUAGE_STANDARD = gnu99;
				GCC_DYNAMIC_NO_PIC = NO;
				GCC_NO_COMMON_BLOCKS = YES;
				GCC_OPTIMIZATION_LEVEL = 0;
				GCC_PREPROCESSOR_DEFINITIONS = (
					"DEBUG=1",
					"$(inherited)",
				);
				GCC_WARN_64_TO_32_BIT_CONVERSION = YES;
				GCC_WARN_ABOUT_RETURN_TYPE = YES_ERROR;
				GCC_WARN_UNDECLARED_SELECTOR = YES;
				GCC_WARN_UNINITIALIZED_AUTOS = YES_AGGRESSIVE;
				GCC_WARN_UNUSED_FUNCTION = YES;
				GCC_WARN_UNUSED_VARIABLE = YES;
				IPHONEOS_DEPLOYMENT_TARGET = 10.2;
				MTL_ENABLE_DEBUG_INFO = YES;
				ONLY_ACTIVE_ARCH = YES;
				SDKROOT = iphoneos;
			};
			name = Debug;
		};
		8960E43D1E72BB2A004FCC6E /* Release */ = {
			isa = XCBuildConfiguration;
			buildSettings = {
				ALWAYS_SEARCH_USER_PATHS = NO;
				CLANG_ANALYZER_NONNULL = YES;
				CLANG_CXX_LANGUAGE_STANDARD = "gnu++0x";
				CLANG_CXX_LIBRARY = "libc++";
				CLANG_ENABLE_MODULES = YES;
				CLANG_ENABLE_OBJC_ARC = YES;
				CLANG_WARN_BOOL_CONVERSION = YES;
				CLANG_WARN_CONSTANT_CONVERSION = YES;
				CLANG_WARN_DIRECT_OBJC_ISA_USAGE = YES_ERROR;
				CLANG_WARN_DOCUMENTATION_COMMENTS = YES;
				CLANG_WARN_EMPTY_BODY = YES;
				CLANG_WARN_ENUM_CONVERSION = YES;
				CLANG_WARN_INFINITE_RECURSION = YES;
				CLANG_WARN_INT_CONVERSION = YES;
				CLANG_WARN_OBJC_ROOT_CLASS = YES_ERROR;
				CLANG_WARN_SUSPICIOUS_MOVE = YES;
				CLANG_WARN_UNREACHABLE_CODE = YES;
				CLANG_WARN__DUPLICATE_METHOD_MATCH = YES;
				"CODE_SIGN_IDENTITY[sdk=iphoneos*]" = "iPhone Developer";
				COPY_PHASE_STRIP = NO;
				DEBUG_INFORMATION_FORMAT = "dwarf-with-dsym";
				ENABLE_NS_ASSERTIONS = NO;
				ENABLE_STRICT_OBJC_MSGSEND = YES;
				GCC_C_LANGUAGE_STANDARD = gnu99;
				GCC_NO_COMMON_BLOCKS = YES;
				GCC_WARN_64_TO_32_BIT_CONVERSION = YES;
				GCC_WARN_ABOUT_RETURN_TYPE = YES_ERROR;
				GCC_WARN_UNDECLARED_SELECTOR = YES;
				GCC_WARN_UNINITIALIZED_AUTOS = YES_AGGRESSIVE;
				GCC_WARN_UNUSED_FUNCTION = YES;
				GCC_WARN_UNUSED_VARIABLE = YES;
				IPHONEOS_DEPLOYMENT_TARGET = 10.2;
				MTL_ENABLE_DEBUG_INFO = NO;
				SDKROOT = iphoneos;
				VALIDATE_PRODUCT = YES;
			};
			name = Release;
		};
		8960E43F1E72BB2A004FCC6E /* Debug */ = {
			isa = XCBuildConfiguration;
			baseConfigurationReference = CAD40995725A57863387D9C6 /* Pods-JLWebImage.debug.xcconfig */;
			buildSettings = {
				ASSETCATALOG_COMPILER_APPICON_NAME = AppIcon;
				INFOPLIST_FILE = JLWebImage/Info.plist;
				LD_RUNPATH_SEARCH_PATHS = "$(inherited) @executable_path/Frameworks";
				PRODUCT_BUNDLE_IDENTIFIER = com.xingbangshou.JLWebImage;
				PRODUCT_NAME = "$(TARGET_NAME)";
			};
			name = Debug;
		};
		8960E4401E72BB2A004FCC6E /* Release */ = {
			isa = XCBuildConfiguration;
			baseConfigurationReference = 1063F6405CFBA900FC83C35C /* Pods-JLWebImage.release.xcconfig */;
			buildSettings = {
				ASSETCATALOG_COMPILER_APPICON_NAME = AppIcon;
				INFOPLIST_FILE = JLWebImage/Info.plist;
				LD_RUNPATH_SEARCH_PATHS = "$(inherited) @executable_path/Frameworks";
				PRODUCT_BUNDLE_IDENTIFIER = com.xingbangshou.JLWebImage;
				PRODUCT_NAME = "$(TARGET_NAME)";
			};
			name = Release;
		};
		8960E4421E72BB2A004FCC6E /* Debug */ = {
			isa = XCBuildConfiguration;
			baseConfigurationReference = F53B2F543C9B296C53BB9F66 /* Pods-JLWebImageTests.debug.xcconfig */;
			buildSettings = {
				BUNDLE_LOADER = "$(TEST_HOST)";
				INFOPLIST_FILE = JLWebImageTests/Info.plist;
				LD_RUNPATH_SEARCH_PATHS = "$(inherited) @executable_path/Frameworks @loader_path/Frameworks";
				PRODUCT_BUNDLE_IDENTIFIER = com.xingbangshou.JLWebImageTests;
				PRODUCT_NAME = "$(TARGET_NAME)";
				TEST_HOST = "$(BUILT_PRODUCTS_DIR)/JLWebImage.app/JLWebImage";
			};
			name = Debug;
		};
		8960E4431E72BB2A004FCC6E /* Release */ = {
			isa = XCBuildConfiguration;
			baseConfigurationReference = 3F17D595E70F7396A7364B3B /* Pods-JLWebImageTests.release.xcconfig */;
			buildSettings = {
				BUNDLE_LOADER = "$(TEST_HOST)";
				INFOPLIST_FILE = JLWebImageTests/Info.plist;
				LD_RUNPATH_SEARCH_PATHS = "$(inherited) @executable_path/Frameworks @loader_path/Frameworks";
				PRODUCT_BUNDLE_IDENTIFIER = com.xingbangshou.JLWebImageTests;
				PRODUCT_NAME = "$(TARGET_NAME)";
				TEST_HOST = "$(BUILT_PRODUCTS_DIR)/JLWebImage.app/JLWebImage";
			};
			name = Release;
		};
		8960E4451E72BB2A004FCC6E /* Debug */ = {
			isa = XCBuildConfiguration;
			baseConfigurationReference = D92CFDD6B8541EB825AFD12C /* Pods-JLWebImage-JLWebImageUITests.debug.xcconfig */;
			buildSettings = {
				INFOPLIST_FILE = JLWebImageUITests/Info.plist;
				LD_RUNPATH_SEARCH_PATHS = "$(inherited) @executable_path/Frameworks @loader_path/Frameworks";
				PRODUCT_BUNDLE_IDENTIFIER = com.xingbangshou.JLWebImageUITests;
				PRODUCT_NAME = "$(TARGET_NAME)";
				TEST_TARGET_NAME = JLWebImage;
			};
			name = Debug;
		};
		8960E4461E72BB2A004FCC6E /* Release */ = {
			isa = XCBuildConfiguration;
			baseConfigurationReference = 70BB3D1309E15221DB8C5B55 /* Pods-JLWebImage-JLWebImageUITests.release.xcconfig */;
			buildSettings = {
				INFOPLIST_FILE = JLWebImageUITests/Info.plist;
				LD_RUNPATH_SEARCH_PATHS = "$(inherited) @executable_path/Frameworks @loader_path/Frameworks";
				PRODUCT_BUNDLE_IDENTIFIER = com.xingbangshou.JLWebImageUITests;
				PRODUCT_NAME = "$(TARGET_NAME)";
				TEST_TARGET_NAME = JLWebImage;
			};
			name = Release;
		};
/* End XCBuildConfiguration section */

/* Begin XCConfigurationList section */
		8960E40C1E72BB2A004FCC6E /* Build configuration list for PBXProject "JLWebImage" */ = {
			isa = XCConfigurationList;
			buildConfigurations = (
				8960E43C1E72BB2A004FCC6E /* Debug */,
				8960E43D1E72BB2A004FCC6E /* Release */,
			);
			defaultConfigurationIsVisible = 0;
			defaultConfigurationName = Release;
		};
		8960E43E1E72BB2A004FCC6E /* Build configuration list for PBXNativeTarget "JLWebImage" */ = {
			isa = XCConfigurationList;
			buildConfigurations = (
				8960E43F1E72BB2A004FCC6E /* Debug */,
				8960E4401E72BB2A004FCC6E /* Release */,
			);
			defaultConfigurationIsVisible = 0;
			defaultConfigurationName = Release;
		};
		8960E4411E72BB2A004FCC6E /* Build configuration list for PBXNativeTarget "JLWebImageTests" */ = {
			isa = XCConfigurationList;
			buildConfigurations = (
				8960E4421E72BB2A004FCC6E /* Debug */,
				8960E4431E72BB2A004FCC6E /* Release */,
			);
			defaultConfigurationIsVisible = 0;
			defaultConfigurationName = Release;
		};
		8960E4441E72BB2A004FCC6E /* Build configuration list for PBXNativeTarget "JLWebImageUITests" */ = {
			isa = XCConfigurationList;
			buildConfigurations = (
				8960E4451E72BB2A004FCC6E /* Debug */,
				8960E4461E72BB2A004FCC6E /* Release */,
			);
			defaultConfigurationIsVisible = 0;
			defaultConfigurationName = Release;
		};
/* End XCConfigurationList section */
	};
	rootObject = 8960E4091E72BB2A004FCC6E /* Project object */;
}
